// !$*UTF8*$!
{
	archiveVersion = 1;
	classes = {
	};
	objectVersion = 50;
	objects = {

/* Begin PBXBuildFile section */
		B57563182266085F003C4A65 /* AppDelegate.swift in Sources */ = {isa = PBXBuildFile; fileRef = B57563172266085F003C4A65 /* AppDelegate.swift */; };
		B575631D2266085F003C4A65 /* Main.storyboard in Resources */ = {isa = PBXBuildFile; fileRef = B575631B2266085F003C4A65 /* Main.storyboard */; };
		B575631F22660862003C4A65 /* Assets.xcassets in Resources */ = {isa = PBXBuildFile; fileRef = B575631E22660862003C4A65 /* Assets.xcassets */; };
		B575632222660862003C4A65 /* LaunchScreen.storyboard in Resources */ = {isa = PBXBuildFile; fileRef = B575632022660862003C4A65 /* LaunchScreen.storyboard */; };
		B5756332226608C6003C4A65 /* Believer.mov in Resources */ = {isa = PBXBuildFile; fileRef = B575632A226608C6003C4A65 /* Believer.mov */; };
		B5756333226608C6003C4A65 /* 7 rings.mov in Resources */ = {isa = PBXBuildFile; fileRef = B575632B226608C6003C4A65 /* 7 rings.mov */; };
		B5756334226608C6003C4A65 /* Blue Birds.mov in Resources */ = {isa = PBXBuildFile; fileRef = B575632C226608C6003C4A65 /* Blue Birds.mov */; };
		B5756335226608C6003C4A65 /* thank u, next.mov in Resources */ = {isa = PBXBuildFile; fileRef = B575632D226608C6003C4A65 /* thank u, next.mov */; };
		B5756336226608C6003C4A65 /* Dip.mov in Resources */ = {isa = PBXBuildFile; fileRef = B575632E226608C6003C4A65 /* Dip.mov */; };
		B5756337226608C6003C4A65 /* The Harlem Barber Swing.mov in Resources */ = {isa = PBXBuildFile; fileRef = B575632F226608C6003C4A65 /* The Harlem Barber Swing.mov */; };
		B5756338226608C6003C4A65 /* Swish.mov in Resources */ = {isa = PBXBuildFile; fileRef = B5756330226608C6003C4A65 /* Swish.mov */; };
		B5756339226608C6003C4A65 /* Best Mistake.mov in Resources */ = {isa = PBXBuildFile; fileRef = B5756331226608C6003C4A65 /* Best Mistake.mov */; };
		B575633B22660916003C4A65 /* TrackListViewController.swift in Sources */ = {isa = PBXBuildFile; fileRef = B575633A22660916003C4A65 /* TrackListViewController.swift */; };
		B575633D22660969003C4A65 /* Track.swift in Sources */ = {isa = PBXBuildFile; fileRef = B575633C22660969003C4A65 /* Track.swift */; };
		B575633F22660CC2003C4A65 /* TrackCell.swift in Sources */ = {isa = PBXBuildFile; fileRef = B575633E22660CC2003C4A65 /* TrackCell.swift */; };
		B575634122661296003C4A65 /* PlayerViewController.swift in Sources */ = {isa = PBXBuildFile; fileRef = B575634022661296003C4A65 /* PlayerViewController.swift */; };
/* End PBXBuildFile section */

/* Begin PBXFileReference section */
		B57563142266085F003C4A65 /* MyMusicApp.app */ = {isa = PBXFileReference; explicitFileType = wrapper.application; includeInIndex = 0; path = MyMusicApp.app; sourceTree = BUILT_PRODUCTS_DIR; };
		B57563172266085F003C4A65 /* AppDelegate.swift */ = {isa = PBXFileReference; lastKnownFileType = sourcecode.swift; path = AppDelegate.swift; sourceTree = "<group>"; };
		B575631C2266085F003C4A65 /* Base */ = {isa = PBXFileReference; lastKnownFileType = file.storyboard; name = Base; path = Base.lproj/Main.storyboard; sourceTree = "<group>"; };
		B575631E22660862003C4A65 /* Assets.xcassets */ = {isa = PBXFileReference; lastKnownFileType = folder.assetcatalog; path = Assets.xcassets; sourceTree = "<group>"; };
		B575632122660862003C4A65 /* Base */ = {isa = PBXFileReference; lastKnownFileType = file.storyboard; name = Base; path = Base.lproj/LaunchScreen.storyboard; sourceTree = "<group>"; };
		B575632322660862003C4A65 /* Info.plist */ = {isa = PBXFileReference; lastKnownFileType = text.plist.xml; path = Info.plist; sourceTree = "<group>"; };
		B575632A226608C6003C4A65 /* Believer.mov */ = {isa = PBXFileReference; lastKnownFileType = video.quicktime; path = Believer.mov; sourceTree = "<group>"; };
		B575632B226608C6003C4A65 /* 7 rings.mov */ = {isa = PBXFileReference; lastKnownFileType = video.quicktime; path = "7 rings.mov"; sourceTree = "<group>"; };
		B575632C226608C6003C4A65 /* Blue Birds.mov */ = {isa = PBXFileReference; lastKnownFileType = video.quicktime; path = "Blue Birds.mov"; sourceTree = "<group>"; };
		B575632D226608C6003C4A65 /* thank u, next.mov */ = {isa = PBXFileReference; lastKnownFileType = video.quicktime; path = "thank u, next.mov"; sourceTree = "<group>"; };
		B575632E226608C6003C4A65 /* Dip.mov */ = {isa = PBXFileReference; lastKnownFileType = video.quicktime; path = Dip.mov; sourceTree = "<group>"; };
		B575632F226608C6003C4A65 /* The Harlem Barber Swing.mov */ = {isa = PBXFileReference; lastKnownFileType = video.quicktime; path = "The Harlem Barber Swing.mov"; sourceTree = "<group>"; };
		B5756330226608C6003C4A65 /* Swish.mov */ = {isa = PBXFileReference; lastKnownFileType = video.quicktime; path = Swish.mov; sourceTree = "<group>"; };
		B5756331226608C6003C4A65 /* Best Mistake.mov */ = {isa = PBXFileReference; lastKnownFileType = video.quicktime; path = "Best Mistake.mov"; sourceTree = "<group>"; };
		B575633A22660916003C4A65 /* TrackListViewController.swift */ = {isa = PBXFileReference; lastKnownFileType = sourcecode.swift; path = TrackListViewController.swift; sourceTree = "<group>"; };
		B575633C22660969003C4A65 /* Track.swift */ = {isa = PBXFileReference; lastKnownFileType = sourcecode.swift; path = Track.swift; sourceTree = "<group>"; };
		B575633E22660CC2003C4A65 /* TrackCell.swift */ = {isa = PBXFileReference; lastKnownFileType = sourcecode.swift; path = TrackCell.swift; sourceTree = "<group>"; };
		B575634022661296003C4A65 /* PlayerViewController.swift */ = {isa = PBXFileReference; lastKnownFileType = sourcecode.swift; path = PlayerViewController.swift; sourceTree = "<group>"; };
/* End PBXFileReference section */

/* Begin PBXFrameworksBuildPhase section */
		B57563112266085F003C4A65 /* Frameworks */ = {
			isa = PBXFrameworksBuildPhase;
			buildActionMask = 2147483647;
			files = (
			);
			runOnlyForDeploymentPostprocessing = 0;
		};
/* End PBXFrameworksBuildPhase section */

/* Begin PBXGroup section */
		B575630B2266085F003C4A65 = {
			isa = PBXGroup;
			children = (
				B57563162266085F003C4A65 /* MyMusicApp */,
				B57563152266085F003C4A65 /* Products */,
			);
			sourceTree = "<group>";
		};
		B57563152266085F003C4A65 /* Products */ = {
			isa = PBXGroup;
			children = (
				B57563142266085F003C4A65 /* MyMusicApp.app */,
			);
			name = Products;
			sourceTree = "<group>";
		};
		B57563162266085F003C4A65 /* MyMusicApp */ = {
			isa = PBXGroup;
			children = (
				B57563172266085F003C4A65 /* AppDelegate.swift */,
				B575634322662098003C4A65 /* Model */,
				B5756344226620A4003C4A65 /* View */,
				B5756342226616B9003C4A65 /* Controller */,
				B575631E22660862003C4A65 /* Assets.xcassets */,
				B5756329226608C6003C4A65 /* musics */,
				B575632022660862003C4A65 /* LaunchScreen.storyboard */,
				B575632322660862003C4A65 /* Info.plist */,
			);
			path = MyMusicApp;
			sourceTree = "<group>";
		};
		B5756329226608C6003C4A65 /* musics */ = {
			isa = PBXGroup;
			children = (
				B575632A226608C6003C4A65 /* Believer.mov */,
				B575632B226608C6003C4A65 /* 7 rings.mov */,
				B575632C226608C6003C4A65 /* Blue Birds.mov */,
				B575632D226608C6003C4A65 /* thank u, next.mov */,
				B575632E226608C6003C4A65 /* Dip.mov */,
				B575632F226608C6003C4A65 /* The Harlem Barber Swing.mov */,
				B5756330226608C6003C4A65 /* Swish.mov */,
				B5756331226608C6003C4A65 /* Best Mistake.mov */,
			);
			path = musics;
			sourceTree = "<group>";
		};
		B5756342226616B9003C4A65 /* Controller */ = {
			isa = PBXGroup;
			children = (
				B575633A22660916003C4A65 /* TrackListViewController.swift */,
				B575634022661296003C4A65 /* PlayerViewController.swift */,
			);
			path = Controller;
			sourceTree = "<group>";
		};
		B575634322662098003C4A65 /* Model */ = {
			isa = PBXGroup;
			children = (
				B575633C22660969003C4A65 /* Track.swift */,
			);
			path = Model;
			sourceTree = "<group>";
		};
		B5756344226620A4003C4A65 /* View */ = {
			isa = PBXGroup;
			children = (
				B575633E22660CC2003C4A65 /* TrackCell.swift */,
				B575631B2266085F003C4A65 /* Main.storyboard */,
			);
			path = View;
			sourceTree = "<group>";
		};
/* End PBXGroup section */

/* Begin PBXNativeTarget section */
		B57563132266085F003C4A65 /* MyMusicApp */ = {
			isa = PBXNativeTarget;
			buildConfigurationList = B575632622660862003C4A65 /* Build configuration list for PBXNativeTarget "MyMusicApp" */;
			buildPhases = (
				B57563102266085F003C4A65 /* Sources */,
				B57563112266085F003C4A65 /* Frameworks */,
				B57563122266085F003C4A65 /* Resources */,
			);
			buildRules = (
			);
			dependencies = (
			);
			name = MyMusicApp;
			productName = MyMusicApp;
			productReference = B57563142266085F003C4A65 /* MyMusicApp.app */;
			productType = "com.apple.product-type.application";
		};
/* End PBXNativeTarget section */

/* Begin PBXProject section */
		B575630C2266085F003C4A65 /* Project object */ = {
			isa = PBXProject;
			attributes = {
				LastSwiftUpdateCheck = 1020;
				LastUpgradeCheck = 1020;
				ORGANIZATIONNAME = dave76;
				TargetAttributes = {
					B57563132266085F003C4A65 = {
						CreatedOnToolsVersion = 10.2;
					};
				};
			};
			buildConfigurationList = B575630F2266085F003C4A65 /* Build configuration list for PBXProject "MyMusicApp" */;
			compatibilityVersion = "Xcode 9.3";
			developmentRegion = en;
			hasScannedForEncodings = 0;
			knownRegions = (
				en,
				Base,
			);
			mainGroup = B575630B2266085F003C4A65;
			productRefGroup = B57563152266085F003C4A65 /* Products */;
			projectDirPath = "";
			projectRoot = "";
			targets = (
				B57563132266085F003C4A65 /* MyMusicApp */,
			);
		};
/* End PBXProject section */

/* Begin PBXResourcesBuildPhase section */
		B57563122266085F003C4A65 /* Resources */ = {
			isa = PBXResourcesBuildPhase;
			buildActionMask = 2147483647;
			files = (
				B5756334226608C6003C4A65 /* Blue Birds.mov in Resources */,
				B575632222660862003C4A65 /* LaunchScreen.storyboard in Resources */,
				B5756337226608C6003C4A65 /* The Harlem Barber Swing.mov in Resources */,
				B5756338226608C6003C4A65 /* Swish.mov in Resources */,
				B5756333226608C6003C4A65 /* 7 rings.mov in Resources */,
				B5756339226608C6003C4A65 /* Best Mistake.mov in Resources */,
				B575631F22660862003C4A65 /* Assets.xcassets in Resources */,
				B5756336226608C6003C4A65 /* Dip.mov in Resources */,
				B5756332226608C6003C4A65 /* Believer.mov in Resources */,
				B575631D2266085F003C4A65 /* Main.storyboard in Resources */,
				B5756335226608C6003C4A65 /* thank u, next.mov in Resources */,
			);
			runOnlyForDeploymentPostprocessing = 0;
		};
/* End PBXResourcesBuildPhase section */

/* Begin PBXSourcesBuildPhase section */
		B57563102266085F003C4A65 /* Sources */ = {
			isa = PBXSourcesBuildPhase;
			buildActionMask = 2147483647;
			files = (
				B575633B22660916003C4A65 /* TrackListViewController.swift in Sources */,
				B57563182266085F003C4A65 /* AppDelegate.swift in Sources */,
				B575633D22660969003C4A65 /* Track.swift in Sources */,
				B575633F22660CC2003C4A65 /* TrackCell.swift in Sources */,
				B575634122661296003C4A65 /* PlayerViewController.swift in Sources */,
			);
			runOnlyForDeploymentPostprocessing = 0;
		};
/* End PBXSourcesBuildPhase section */

/* Begin PBXVariantGroup section */
		B575631B2266085F003C4A65 /* Main.storyboard */ = {
			isa = PBXVariantGroup;
			children = (
				B575631C2266085F003C4A65 /* Base */,
			);
			name = Main.storyboard;
			sourceTree = "<group>";
		};
		B575632022660862003C4A65 /* LaunchScreen.storyboard */ = {
			isa = PBXVariantGroup;
			children = (
				B575632122660862003C4A65 /* Base */,
			);
			name = LaunchScreen.storyboard;
			sourceTree = "<group>";
		};
/* End PBXVariantGroup section */

/* Begin XCBuildConfiguration section */
		B575632422660862003C4A65 /* Debug */ = {
			isa = XCBuildConfiguration;
			buildSettings = {
				ALWAYS_SEARCH_USER_PATHS = NO;
				CLANG_ANALYZER_NONNULL = YES;
				CLANG_ANALYZER_NUMBER_OBJECT_CONVERSION = YES_AGGRESSIVE;
				CLANG_CXX_LANGUAGE_STANDARD = "gnu++14";
				CLANG_CXX_LIBRARY = "libc++";
				CLANG_ENABLE_MODULES = YES;
				CLANG_ENABLE_OBJC_ARC = YES;
				CLANG_ENABLE_OBJC_WEAK = YES;
				CLANG_WARN_BLOCK_CAPTURE_AUTORELEASING = YES;
				CLANG_WARN_BOOL_CONVERSION = YES;
				CLANG_WARN_COMMA = YES;
				CLANG_WARN_CONSTANT_CONVERSION = YES;
				CLANG_WARN_DEPRECATED_OBJC_IMPLEMENTATIONS = YES;
				CLANG_WARN_DIRECT_OBJC_ISA_USAGE = YES_ERROR;
				CLANG_WARN_DOCUMENTATION_COMMENTS = YES;
				CLANG_WARN_EMPTY_BODY = YES;
				CLANG_WARN_ENUM_CONVERSION = YES;
				CLANG_WARN_INFINITE_RECURSION = YES;
				CLANG_WARN_INT_CONVERSION = YES;
				CLANG_WARN_NON_LITERAL_NULL_CONVERSION = YES;
				CLANG_WARN_OBJC_IMPLICIT_RETAIN_SELF = YES;
				CLANG_WARN_OBJC_LITERAL_CONVERSION = YES;
				CLANG_WARN_OBJC_ROOT_CLASS = YES_ERROR;
				CLANG_WARN_RANGE_LOOP_ANALYSIS = YES;
				CLANG_WARN_STRICT_PROTOTYPES = YES;
				CLANG_WARN_SUSPICIOUS_MOVE = YES;
				CLANG_WARN_UNGUARDED_AVAILABILITY = YES_AGGRESSIVE;
				CLANG_WARN_UNREACHABLE_CODE = YES;
				CLANG_WARN__DUPLICATE_METHOD_MATCH = YES;
				CODE_SIGN_IDENTITY = "iPhone Developer";
				COPY_PHASE_STRIP = NO;
				DEBUG_INFORMATION_FORMAT = dwarf;
				ENABLE_STRICT_OBJC_MSGSEND = YES;
				ENABLE_TESTABILITY = YES;
				GCC_C_LANGUAGE_STANDARD = gnu11;
				GCC_DYNAMIC_NO_PIC = NO;
				GCC_NO_COMMON_BLOCKS = YES;
				GCC_OPTIMIZATION_LEVEL = 0;
				GCC_PREPROCESSOR_DEFINITIONS = (
					"DEBUG=1",
					"$(inherited)",
				);
				GCC_WARN_64_TO_32_BIT_CONVERSION = YES;
				GCC_WARN_ABOUT_RETURN_TYPE = YES_ERROR;
				GCC_WARN_UNDECLARED_SELECTOR = YES;
				GCC_WARN_UNINITIALIZED_AUTOS = YES_AGGRESSIVE;
				GCC_WARN_UNUSED_FUNCTION = YES;
				GCC_WARN_UNUSED_VARIABLE = YES;
				IPHONEOS_DEPLOYMENT_TARGET = 12.2;
				MTL_ENABLE_DEBUG_INFO = INCLUDE_SOURCE;
				MTL_FAST_MATH = YES;
				ONLY_ACTIVE_ARCH = YES;
				SDKROOT = iphoneos;
				SWIFT_ACTIVE_COMPILATION_CONDITIONS = DEBUG;
				SWIFT_OPTIMIZATION_LEVEL = "-Onone";
			};
			name = Debug;
		};
		B575632522660862003C4A65 /* Release */ = {
			isa = XCBuildConfiguration;
			buildSettings = {
				ALWAYS_SEARCH_USER_PATHS = NO;
				CLANG_ANALYZER_NONNULL = YES;
				CLANG_ANALYZER_NUMBER_OBJECT_CONVERSION = YES_AGGRESSIVE;
				CLANG_CXX_LANGUAGE_STANDARD = "gnu++14";
				CLANG_CXX_LIBRARY = "libc++";
				CLANG_ENABLE_MODULES = YES;
				CLANG_ENABLE_OBJC_ARC = YES;
				CLANG_ENABLE_OBJC_WEAK = YES;
				CLANG_WARN_BLOCK_CAPTURE_AUTORELEASING = YES;
				CLANG_WARN_BOOL_CONVERSION = YES;
				CLANG_WARN_COMMA = YES;
				CLANG_WARN_CONSTANT_CONVERSION = YES;
				CLANG_WARN_DEPRECATED_OBJC_IMPLEMENTATIONS = YES;
				CLANG_WARN_DIRECT_OBJC_ISA_USAGE = YES_ERROR;
				CLANG_WARN_DOCUMENTATION_COMMENTS = YES;
				CLANG_WARN_EMPTY_BODY = YES;
				CLANG_WARN_ENUM_CONVERSION = YES;
				CLANG_WARN_INFINITE_RECURSION = YES;
				CLANG_WARN_INT_CONVERSION = YES;
				CLANG_WARN_NON_LITERAL_NULL_CONVERSION = YES;
				CLANG_WARN_OBJC_IMPLICIT_RETAIN_SELF = YES;
				CLANG_WARN_OBJC_LITERAL_CONVERSION = YES;
				CLANG_WARN_OBJC_ROOT_CLASS = YES_ERROR;
				CLANG_WARN_RANGE_LOOP_ANALYSIS = YES;
				CLANG_WARN_STRICT_PROTOTYPES = YES;
				CLANG_WARN_SUSPICIOUS_MOVE = YES;
				CLANG_WARN_UNGUARDED_AVAILABILITY = YES_AGGRESSIVE;
				CLANG_WARN_UNREACHABLE_CODE = YES;
				CLANG_WARN__DUPLICATE_METHOD_MATCH = YES;
				CODE_SIGN_IDENTITY = "iPhone Developer";
				COPY_PHASE_STRIP = NO;
				DEBUG_INFORMATION_FORMAT = "dwarf-with-dsym";
				ENABLE_NS_ASSERTIONS = NO;
				ENABLE_STRICT_OBJC_MSGSEND = YES;
				GCC_C_LANGUAGE_STANDARD = gnu11;
				GCC_NO_COMMON_BLOCKS = YES;
				GCC_WARN_64_TO_32_BIT_CONVERSION = YES;
				GCC_WARN_ABOUT_RETURN_TYPE = YES_ERROR;
				GCC_WARN_UNDECLARED_SELECTOR = YES;
				GCC_WARN_UNINITIALIZED_AUTOS = YES_AGGRESSIVE;
				GCC_WARN_UNUSED_FUNCTION = YES;
				GCC_WARN_UNUSED_VARIABLE = YES;
				IPHONEOS_DEPLOYMENT_TARGET = 12.2;
				MTL_ENABLE_DEBUG_INFO = NO;
				MTL_FAST_MATH = YES;
				SDKROOT = iphoneos;
				SWIFT_COMPILATION_MODE = wholemodule;
				SWIFT_OPTIMIZATION_LEVEL = "-O";
				VALIDATE_PRODUCT = YES;
			};
			name = Release;
		};
		B575632722660862003C4A65 /* Debug */ = {
			isa = XCBuildConfiguration;
			buildSettings = {
				ASSETCATALOG_COMPILER_APPICON_NAME = AppIcon;
				CODE_SIGN_STYLE = Automatic;
				DEVELOPMENT_TEAM = 4Z6U9FKXA9;
				INFOPLIST_FILE = MyMusicApp/Info.plist;
				LD_RUNPATH_SEARCH_PATHS = (
					"$(inherited)",
					"@executable_path/Frameworks",
				);
				PRODUCT_BUNDLE_IDENTIFIER = com.mobileandsmile.MyMusicApp;
				PRODUCT_NAME = "$(TARGET_NAME)";
				SWIFT_VERSION = 5.0;
				TARGETED_DEVICE_FAMILY = "1,2";
			};
			name = Debug;
		};
		B575632822660862003C4A65 /* Release */ = {
			isa = XCBuildConfiguration;
			buildSettings = {
				ASSETCATALOG_COMPILER_APPICON_NAME = AppIcon;
				CODE_SIGN_STYLE = Automatic;
				DEVELOPMENT_TEAM = 4Z6U9FKXA9;
				INFOPLIST_FILE = MyMusicApp/Info.plist;
				LD_RUNPATH_SEARCH_PATHS = (
					"$(inherited)",
					"@executable_path/Frameworks",
				);
				PRODUCT_BUNDLE_IDENTIFIER = com.mobileandsmile.MyMusicApp;
				PRODUCT_NAME = "$(TARGET_NAME)";
				SWIFT_VERSION = 5.0;
				TARGETED_DEVICE_FAMILY = "1,2";
			};
			name = Release;
		};
/* End XCBuildConfiguration section */

/* Begin XCConfigurationList section */
		B575630F2266085F003C4A65 /* Build configuration list for PBXProject "MyMusicApp" */ = {
			isa = XCConfigurationList;
			buildConfigurations = (
				B575632422660862003C4A65 /* Debug */,
				B575632522660862003C4A65 /* Release */,
			);
			defaultConfigurationIsVisible = 0;
			defaultConfigurationName = Release;
		};
		B575632622660862003C4A65 /* Build configuration list for PBXNativeTarget "MyMusicApp" */ = {
			isa = XCConfigurationList;
			buildConfigurations = (
				B575632722660862003C4A65 /* Debug */,
				B575632822660862003C4A65 /* Release */,
			);
			defaultConfigurationIsVisible = 0;
			defaultConfigurationName = Release;
		};
/* End XCConfigurationList section */
	};
	rootObject = B575630C2266085F003C4A65 /* Project object */;
}
